
Microsoft Visual Studio Solution File, Format Version 12.00
# Visual Studio Version 16
VisualStudioVersion = 16.0.29411.108
MinimumVisualStudioVersion = 10.0.40219.1
Project("{FAE04EC0-301F-11D3-BF4B-00C04F79EFBC}") = "CourseWork", "CourseWork\CourseWork.csproj", "{69A041BF-21E4-4795-BE97-0DC58C0C990B}"
EndProject
Project("{FAE04EC0-301F-11D3-BF4B-00C04F79EFBC}") = "BLL", "BLL\BLL.csproj", "{5B174726-A50D-461A-A174-03EE60DAAEA2}"
EndProject
Project("{FAE04EC0-301F-11D3-BF4B-00C04F79EFBC}") = "PL", "PL\PL.csproj", "{BB0001F5-A444-4310-9268-16386F9503B7}"
EndProject
Project("{FAE04EC0-301F-11D3-BF4B-00C04F79EFBC}") = "DAL", "DAL\DAL.csproj", "{4C534634-0FD8-4FF2-AA92-5593199BCDA2}"
EndProject
Project("{FAE04EC0-301F-11D3-BF4B-00C04F79EFBC}") = "BLLTest", "BLLTest\BLLTest.csproj", "{C060FADA-FC9E-4290-95A9-09927C280608}"
EndProject
Global
	GlobalSection(SolutionConfigurationPlatforms) = preSolution
		Debug|Any CPU = Debug|Any CPU
		Release|Any CPU = Release|Any CPU
	EndGlobalSection
	GlobalSection(ProjectConfigurationPlatforms) = postSolution
		{69A041BF-21E4-4795-BE97-0DC58C0C990B}.Debug|Any CPU.ActiveCfg = Debug|Any CPU
		{69A041BF-21E4-4795-BE97-0DC58C0C990B}.Debug|Any CPU.Build.0 = Debug|Any CPU
		{69A041BF-21E4-4795-BE97-0DC58C0C990B}.Release|Any CPU.ActiveCfg = Release|Any CPU
		{69A041BF-21E4-4795-BE97-0DC58C0C990B}.Release|Any CPU.Build.0 = Release|Any CPU
		{5B174726-A50D-461A-A174-03EE60DAAEA2}.Debug|Any CPU.ActiveCfg = Debug|Any CPU
		{5B174726-A50D-461A-A174-03EE60DAAEA2}.Debug|Any CPU.Build.0 = Debug|Any CPU
		{5B174726-A50D-461A-A174-03EE60DAAEA2}.Release|Any CPU.ActiveCfg = Release|Any CPU
		{5B174726-A50D-461A-A174-03EE60DAAEA2}.Release|Any CPU.Build.0 = Release|Any CPU
		{BB0001F5-A444-4310-9268-16386F9503B7}.Debug|Any CPU.ActiveCfg = Debug|Any CPU
		{BB0001F5-A444-4310-9268-16386F9503B7}.Debug|Any CPU.Build.0 = Debug|Any CPU
		{BB0001F5-A444-4310-9268-16386F9503B7}.Release|Any CPU.ActiveCfg = Release|Any CPU
		{BB0001F5-A444-4310-9268-16386F9503B7}.Release|Any CPU.Build.0 = Release|Any CPU
		{4C534634-0FD8-4FF2-AA92-5593199BCDA2}.Debug|Any CPU.ActiveCfg = Debug|Any CPU
		{4C534634-0FD8-4FF2-AA92-5593199BCDA2}.Debug|Any CPU.Build.0 = Debug|Any CPU
		{4C534634-0FD8-4FF2-AA92-5593199BCDA2}.Release|Any CPU.ActiveCfg = Release|Any CPU
		{4C534634-0FD8-4FF2-AA92-5593199BCDA2}.Release|Any CPU.Build.0 = Release|Any CPU
		{C060FADA-FC9E-4290-95A9-09927C280608}.Debug|Any CPU.ActiveCfg = Debug|Any CPU
		{C060FADA-FC9E-4290-95A9-09927C280608}.Debug|Any CPU.Build.0 = Debug|Any CPU
		{C060FADA-FC9E-4290-95A9-09927C280608}.Release|Any CPU.ActiveCfg = Release|Any CPU
		{C060FADA-FC9E-4290-95A9-09927C280608}.Release|Any CPU.Build.0 = Release|Any CPU
	EndGlobalSection
	GlobalSection(SolutionProperties) = preSolution
		HideSolutionNode = FALSE
	EndGlobalSection
	GlobalSection(ExtensibilityGlobals) = postSolution
		SolutionGuid = {0C7093C2-7DBD-4A24-B26B-0DC2433D0224}
	EndGlobalSection
EndGlobal
